// !$*UTF8*$!
{
	archiveVersion = 1;
	classes = {
	};
	objectVersion = 56;
	objects = {

/* Begin PBXBuildFile section */
		2D108FBC2A126BDD00DF4541 /* acceleratortrollApp.swift in Sources */ = {isa = PBXBuildFile; fileRef = 2D108FBB2A126BDD00DF4541 /* acceleratortrollApp.swift */; };
		2D108FBE2A126BDD00DF4541 /* MainView.swift in Sources */ = {isa = PBXBuildFile; fileRef = 2D108FBD2A126BDD00DF4541 /* MainView.swift */; };
		2D108FC02A126BDE00DF4541 /* Assets.xcassets in Resources */ = {isa = PBXBuildFile; fileRef = 2D108FBF2A126BDE00DF4541 /* Assets.xcassets */; };
		2D108FC32A126BDE00DF4541 /* Preview Assets.xcassets in Resources */ = {isa = PBXBuildFile; fileRef = 2D108FC22A126BDE00DF4541 /* Preview Assets.xcassets */; };
		2DED12512A126E5B00ADEE62 /* HomeView.swift in Sources */ = {isa = PBXBuildFile; fileRef = 2DED12502A126E5B00ADEE62 /* HomeView.swift */; };
		2DED12532A126E6200ADEE62 /* ArsenalView.swift in Sources */ = {isa = PBXBuildFile; fileRef = 2DED12522A126E6200ADEE62 /* ArsenalView.swift */; };
		2DED12552A126E6700ADEE62 /* InfoView.swift in Sources */ = {isa = PBXBuildFile; fileRef = 2DED12542A126E6700ADEE62 /* InfoView.swift */; };
		2DED12582A12738E00ADEE62 /* PoC.m in Sources */ = {isa = PBXBuildFile; fileRef = 2DED12572A12738E00ADEE62 /* PoC.m */; };
		2DED125B2A12742300ADEE62 /* IOKit.framework in Frameworks */ = {isa = PBXBuildFile; fileRef = 2DED125A2A12742300ADEE62 /* IOKit.framework */; };
		2DED125D2A1281E800ADEE62 /* WritePanic.m in Sources */ = {isa = PBXBuildFile; fileRef = 2DED125C2A1281E800ADEE62 /* WritePanic.m */; };
/* End PBXBuildFile section */

/* Begin PBXFileReference section */
		2D108FB82A126BDD00DF4541 /* acceleratortroll.app */ = {isa = PBXFileReference; explicitFileType = wrapper.application; includeInIndex = 0; path = acceleratortroll.app; sourceTree = BUILT_PRODUCTS_DIR; };
		2D108FBB2A126BDD00DF4541 /* acceleratortrollApp.swift */ = {isa = PBXFileReference; lastKnownFileType = sourcecode.swift; path = acceleratortrollApp.swift; sourceTree = "<group>"; };
		2D108FBD2A126BDD00DF4541 /* MainView.swift */ = {isa = PBXFileReference; lastKnownFileType = sourcecode.swift; path = MainView.swift; sourceTree = "<group>"; };
		2D108FBF2A126BDE00DF4541 /* Assets.xcassets */ = {isa = PBXFileReference; lastKnownFileType = folder.assetcatalog; path = Assets.xcassets; sourceTree = "<group>"; };
		2D108FC22A126BDE00DF4541 /* Preview Assets.xcassets */ = {isa = PBXFileReference; lastKnownFileType = folder.assetcatalog; path = "Preview Assets.xcassets"; sourceTree = "<group>"; };
		2DED12502A126E5B00ADEE62 /* HomeView.swift */ = {isa = PBXFileReference; lastKnownFileType = sourcecode.swift; path = HomeView.swift; sourceTree = "<group>"; };
		2DED12522A126E6200ADEE62 /* ArsenalView.swift */ = {isa = PBXFileReference; lastKnownFileType = sourcecode.swift; path = ArsenalView.swift; sourceTree = "<group>"; };
		2DED12542A126E6700ADEE62 /* InfoView.swift */ = {isa = PBXFileReference; lastKnownFileType = sourcecode.swift; path = InfoView.swift; sourceTree = "<group>"; };
		2DED12562A12738E00ADEE62 /* acceleratortroll-Bridging-Header.h */ = {isa = PBXFileReference; lastKnownFileType = sourcecode.c.h; path = "acceleratortroll-Bridging-Header.h"; sourceTree = "<group>"; };
		2DED12572A12738E00ADEE62 /* PoC.m */ = {isa = PBXFileReference; lastKnownFileType = sourcecode.c.objc; path = PoC.m; sourceTree = "<group>"; };
		2DED125A2A12742300ADEE62 /* IOKit.framework */ = {isa = PBXFileReference; lastKnownFileType = wrapper.framework; name = IOKit.framework; path = System/Library/Frameworks/IOKit.framework; sourceTree = SDKROOT; };
		2DED125C2A1281E800ADEE62 /* WritePanic.m */ = {isa = PBXFileReference; lastKnownFileType = sourcecode.c.objc; path = WritePanic.m; sourceTree = "<group>"; };
/* End PBXFileReference section */

/* Begin PBXFrameworksBuildPhase section */
		2D108FB52A126BDD00DF4541 /* Frameworks */ = {
			isa = PBXFrameworksBuildPhase;
			buildActionMask = 2147483647;
			files = (
				2DED125B2A12742300ADEE62 /* IOKit.framework in Frameworks */,
			);
			runOnlyForDeploymentPostprocessing = 0;
		};
/* End PBXFrameworksBuildPhase section */

/* Begin PBXGroup section */
		2D108FAF2A126BDD00DF4541 = {
			isa = PBXGroup;
			children = (
				2D108FBA2A126BDD00DF4541 /* acceleratortroll */,
				2D108FB92A126BDD00DF4541 /* Products */,
				2DED12592A12742300ADEE62 /* Frameworks */,
			);
			sourceTree = "<group>";
		};
		2D108FB92A126BDD00DF4541 /* Products */ = {
			isa = PBXGroup;
			children = (
				2D108FB82A126BDD00DF4541 /* acceleratortroll.app */,
			);
			name = Products;
			sourceTree = "<group>";
		};
		2D108FBA2A126BDD00DF4541 /* acceleratortroll */ = {
			isa = PBXGroup;
			children = (
				2D108FBB2A126BDD00DF4541 /* acceleratortrollApp.swift */,
				2D108FBD2A126BDD00DF4541 /* MainView.swift */,
				2DED12502A126E5B00ADEE62 /* HomeView.swift */,
				2DED12572A12738E00ADEE62 /* PoC.m */,
				2DED12522A126E6200ADEE62 /* ArsenalView.swift */,
				2DED12542A126E6700ADEE62 /* InfoView.swift */,
				2D108FBF2A126BDE00DF4541 /* Assets.xcassets */,
				2D108FC12A126BDE00DF4541 /* Preview Content */,
				2DED12562A12738E00ADEE62 /* acceleratortroll-Bridging-Header.h */,
				2DED125C2A1281E800ADEE62 /* WritePanic.m */,
			);
			path = acceleratortroll;
			sourceTree = "<group>";
		};
		2D108FC12A126BDE00DF4541 /* Preview Content */ = {
			isa = PBXGroup;
			children = (
				2D108FC22A126BDE00DF4541 /* Preview Assets.xcassets */,
			);
			path = "Preview Content";
			sourceTree = "<group>";
		};
		2DED12592A12742300ADEE62 /* Frameworks */ = {
			isa = PBXGroup;
			children = (
				2DED125A2A12742300ADEE62 /* IOKit.framework */,
			);
			name = Frameworks;
			sourceTree = "<group>";
		};
/* End PBXGroup section */

/* Begin PBXNativeTarget section */
		2D108FB72A126BDD00DF4541 /* acceleratortroll */ = {
			isa = PBXNativeTarget;
			buildConfigurationList = 2D108FC62A126BDE00DF4541 /* Build configuration list for PBXNativeTarget "acceleratortroll" */;
			buildPhases = (
				2D108FB42A126BDD00DF4541 /* Sources */,
				2D108FB52A126BDD00DF4541 /* Frameworks */,
				2D108FB62A126BDD00DF4541 /* Resources */,
			);
			buildRules = (
			);
			dependencies = (
			);
			name = acceleratortroll;
			productName = acceleratortroll;
			productReference = 2D108FB82A126BDD00DF4541 /* acceleratortroll.app */;
			productType = "com.apple.product-type.application";
		};
/* End PBXNativeTarget section */

/* Begin PBXProject section */
		2D108FB02A126BDD00DF4541 /* Project object */ = {
			isa = PBXProject;
			attributes = {
				BuildIndependentTargetsInParallel = 1;
				LastSwiftUpdateCheck = 1420;
				LastUpgradeCheck = 1420;
				TargetAttributes = {
					2D108FB72A126BDD00DF4541 = {
						CreatedOnToolsVersion = 14.2;
						LastSwiftMigration = 1420;
					};
				};
			};
			buildConfigurationList = 2D108FB32A126BDD00DF4541 /* Build configuration list for PBXProject "acceleratortroll" */;
			compatibilityVersion = "Xcode 14.0";
			developmentRegion = en;
			hasScannedForEncodings = 0;
			knownRegions = (
				en,
				Base,
			);
			mainGroup = 2D108FAF2A126BDD00DF4541;
			productRefGroup = 2D108FB92A126BDD00DF4541 /* Products */;
			projectDirPath = "";
			projectRoot = "";
			targets = (
				2D108FB72A126BDD00DF4541 /* acceleratortroll */,
			);
		};
/* End PBXProject section */

/* Begin PBXResourcesBuildPhase section */
		2D108FB62A126BDD00DF4541 /* Resources */ = {
			isa = PBXResourcesBuildPhase;
			buildActionMask = 2147483647;
			files = (
				2D108FC32A126BDE00DF4541 /* Preview Assets.xcassets in Resources */,
				2D108FC02A126BDE00DF4541 /* Assets.xcassets in Resources */,
			);
			runOnlyForDeploymentPostprocessing = 0;
		};
/* End PBXResourcesBuildPhase section */

/* Begin PBXSourcesBuildPhase section */
		2D108FB42A126BDD00DF4541 /* Sources */ = {
			isa = PBXSourcesBuildPhase;
			buildActionMask = 2147483647;
			files = (
				2DED12582A12738E00ADEE62 /* PoC.m in Sources */,
				2DED125D2A1281E800ADEE62 /* WritePanic.m in Sources */,
				2DED12512A126E5B00ADEE62 /* HomeView.swift in Sources */,
				2DED12532A126E6200ADEE62 /* ArsenalView.swift in Sources */,
				2D108FBE2A126BDD00DF4541 /* MainView.swift in Sources */,
				2DED12552A126E6700ADEE62 /* InfoView.swift in Sources */,
				2D108FBC2A126BDD00DF4541 /* acceleratortrollApp.swift in Sources */,
			);
			runOnlyForDeploymentPostprocessing = 0;
		};
/* End PBXSourcesBuildPhase section */

/* Begin XCBuildConfiguration section */
		2D108FC42A126BDE00DF4541 /* Debug */ = {
			isa = XCBuildConfiguration;
			buildSettings = {
				ALWAYS_SEARCH_USER_PATHS = NO;
				CLANG_ANALYZER_NONNULL = YES;
				CLANG_ANALYZER_NUMBER_OBJECT_CONVERSION = YES_AGGRESSIVE;
				CLANG_CXX_LANGUAGE_STANDARD = "gnu++20";
				CLANG_ENABLE_MODULES = YES;
				CLANG_ENABLE_OBJC_ARC = YES;
				CLANG_ENABLE_OBJC_WEAK = YES;
				CLANG_WARN_BLOCK_CAPTURE_AUTORELEASING = YES;
				CLANG_WARN_BOOL_CONVERSION = YES;
				CLANG_WARN_COMMA = YES;
				CLANG_WARN_CONSTANT_CONVERSION = YES;
				CLANG_WARN_DEPRECATED_OBJC_IMPLEMENTATIONS = YES;
				CLANG_WARN_DIRECT_OBJC_ISA_USAGE = YES_ERROR;
				CLANG_WARN_DOCUMENTATION_COMMENTS = YES;
				CLANG_WARN_EMPTY_BODY = YES;
				CLANG_WARN_ENUM_CONVERSION = YES;
				CLANG_WARN_INFINITE_RECURSION = YES;
				CLANG_WARN_INT_CONVERSION = YES;
				CLANG_WARN_NON_LITERAL_NULL_CONVERSION = YES;
				CLANG_WARN_OBJC_IMPLICIT_RETAIN_SELF = YES;
				CLANG_WARN_OBJC_LITERAL_CONVERSION = YES;
				CLANG_WARN_OBJC_ROOT_CLASS = YES_ERROR;
				CLANG_WARN_QUOTED_INCLUDE_IN_FRAMEWORK_HEADER = YES;
				CLANG_WARN_RANGE_LOOP_ANALYSIS = YES;
				CLANG_WARN_STRICT_PROTOTYPES = YES;
				CLANG_WARN_SUSPICIOUS_MOVE = YES;
				CLANG_WARN_UNGUARDED_AVAILABILITY = YES_AGGRESSIVE;
				CLANG_WARN_UNREACHABLE_CODE = YES;
				CLANG_WARN__DUPLICATE_METHOD_MATCH = YES;
				COPY_PHASE_STRIP = NO;
				DEBUG_INFORMATION_FORMAT = dwarf;
				ENABLE_STRICT_OBJC_MSGSEND = YES;
				ENABLE_TESTABILITY = YES;
				GCC_C_LANGUAGE_STANDARD = gnu11;
				GCC_DYNAMIC_NO_PIC = NO;
				GCC_NO_COMMON_BLOCKS = YES;
				GCC_OPTIMIZATION_LEVEL = 0;
				GCC_PREPROCESSOR_DEFINITIONS = (
					"DEBUG=1",
					"$(inherited)",
				);
				GCC_WARN_64_TO_32_BIT_CONVERSION = YES;
				GCC_WARN_ABOUT_RETURN_TYPE = YES_ERROR;
				GCC_WARN_UNDECLARED_SELECTOR = YES;
				GCC_WARN_UNINITIALIZED_AUTOS = YES_AGGRESSIVE;
				GCC_WARN_UNUSED_FUNCTION = YES;
				GCC_WARN_UNUSED_VARIABLE = YES;
				IPHONEOS_DEPLOYMENT_TARGET = 16.2;
				MTL_ENABLE_DEBUG_INFO = INCLUDE_SOURCE;
				MTL_FAST_MATH = YES;
				ONLY_ACTIVE_ARCH = YES;
				SDKROOT = iphoneos;
				SWIFT_ACTIVE_COMPILATION_CONDITIONS = DEBUG;
				SWIFT_OPTIMIZATION_LEVEL = "-Onone";
			};
			name = Debug;
		};
		2D108FC52A126BDE00DF4541 /* Release */ = {
			isa = XCBuildConfiguration;
			buildSettings = {
				ALWAYS_SEARCH_USER_PATHS = NO;
				CLANG_ANALYZER_NONNULL = YES;
				CLANG_ANALYZER_NUMBER_OBJECT_CONVERSION = YES_AGGRESSIVE;
				CLANG_CXX_LANGUAGE_STANDARD = "gnu++20";
				CLANG_ENABLE_MODULES = YES;
				CLANG_ENABLE_OBJC_ARC = YES;
				CLANG_ENABLE_OBJC_WEAK = YES;
				CLANG_WARN_BLOCK_CAPTURE_AUTORELEASING = YES;
				CLANG_WARN_BOOL_CONVERSION = YES;
				CLANG_WARN_COMMA = YES;
				CLANG_WARN_CONSTANT_CONVERSION = YES;
				CLANG_WARN_DEPRECATED_OBJC_IMPLEMENTATIONS = YES;
				CLANG_WARN_DIRECT_OBJC_ISA_USAGE = YES_ERROR;
				CLANG_WARN_DOCUMENTATION_COMMENTS = YES;
				CLANG_WARN_EMPTY_BODY = YES;
				CLANG_WARN_ENUM_CONVERSION = YES;
				CLANG_WARN_INFINITE_RECURSION = YES;
				CLANG_WARN_INT_CONVERSION = YES;
				CLANG_WARN_NON_LITERAL_NULL_CONVERSION = YES;
				CLANG_WARN_OBJC_IMPLICIT_RETAIN_SELF = YES;
				CLANG_WARN_OBJC_LITERAL_CONVERSION = YES;
				CLANG_WARN_OBJC_ROOT_CLASS = YES_ERROR;
				CLANG_WARN_QUOTED_INCLUDE_IN_FRAMEWORK_HEADER = YES;
				CLANG_WARN_RANGE_LOOP_ANALYSIS = YES;
				CLANG_WARN_STRICT_PROTOTYPES = YES;
				CLANG_WARN_SUSPICIOUS_MOVE = YES;
				CLANG_WARN_UNGUARDED_AVAILABILITY = YES_AGGRESSIVE;
				CLANG_WARN_UNREACHABLE_CODE = YES;
				CLANG_WARN__DUPLICATE_METHOD_MATCH = YES;
				COPY_PHASE_STRIP = NO;
				DEBUG_INFORMATION_FORMAT = "dwarf-with-dsym";
				ENABLE_NS_ASSERTIONS = NO;
				ENABLE_STRICT_OBJC_MSGSEND = YES;
				GCC_C_LANGUAGE_STANDARD = gnu11;
				GCC_NO_COMMON_BLOCKS = YES;
				GCC_WARN_64_TO_32_BIT_CONVERSION = YES;
				GCC_WARN_ABOUT_RETURN_TYPE = YES_ERROR;
				GCC_WARN_UNDECLARED_SELECTOR = YES;
				GCC_WARN_UNINITIALIZED_AUTOS = YES_AGGRESSIVE;
				GCC_WARN_UNUSED_FUNCTION = YES;
				GCC_WARN_UNUSED_VARIABLE = YES;
				IPHONEOS_DEPLOYMENT_TARGET = 16.2;
				MTL_ENABLE_DEBUG_INFO = NO;
				MTL_FAST_MATH = YES;
				SDKROOT = iphoneos;
				SWIFT_COMPILATION_MODE = wholemodule;
				SWIFT_OPTIMIZATION_LEVEL = "-O";
				VALIDATE_PRODUCT = YES;
			};
			name = Release;
		};
		2D108FC72A126BDE00DF4541 /* Debug */ = {
			isa = XCBuildConfiguration;
			buildSettings = {
				ASSETCATALOG_COMPILER_APPICON_NAME = AppIcon;
				ASSETCATALOG_COMPILER_GLOBAL_ACCENT_COLOR_NAME = AccentColor;
				CLANG_ENABLE_MODULES = YES;
				CODE_SIGN_STYLE = Automatic;
				CURRENT_PROJECT_VERSION = 7;
				DEVELOPMENT_ASSET_PATHS = "\"acceleratortroll/Preview Content\"";
				DEVELOPMENT_TEAM = 7D7S7LG33Z;
				ENABLE_PREVIEWS = YES;
				GENERATE_INFOPLIST_FILE = YES;
				INFOPLIST_KEY_CFBundleDisplayName = acceleratortroll;
				INFOPLIST_KEY_LSApplicationCategoryType = "public.app-category.developer-tools";
				INFOPLIST_KEY_UIApplicationSceneManifest_Generation = YES;
				INFOPLIST_KEY_UIApplicationSupportsIndirectInputEvents = YES;
				INFOPLIST_KEY_UILaunchScreen_Generation = YES;
				INFOPLIST_KEY_UISupportedInterfaceOrientations_iPad = "UIInterfaceOrientationPortrait UIInterfaceOrientationPortraitUpsideDown UIInterfaceOrientationLandscapeLeft UIInterfaceOrientationLandscapeRight";
				INFOPLIST_KEY_UISupportedInterfaceOrientations_iPhone = "UIInterfaceOrientationPortrait UIInterfaceOrientationLandscapeLeft UIInterfaceOrientationLandscapeRight";
				IPHONEOS_DEPLOYMENT_TARGET = 15.0;
				LD_RUNPATH_SEARCH_PATHS = (
					"$(inherited)",
					"@executable_path/Frameworks",
				);
				MARKETING_VERSION = 0.1.7;
				PRODUCT_BUNDLE_IDENTIFIER = dev.jancr.acceleratortroll;
				PRODUCT_NAME = "$(TARGET_NAME)";
				SUPPORTED_PLATFORMS = "iphoneos iphonesimulator";
				SUPPORTS_MACCATALYST = NO;
				SUPPORTS_MAC_DESIGNED_FOR_IPHONE_IPAD = NO;
				SWIFT_EMIT_LOC_STRINGS = YES;
				SWIFT_OBJC_BRIDGING_HEADER = "acceleratortroll/acceleratortroll-Bridging-Header.h";
				SWIFT_OPTIMIZATION_LEVEL = "-Onone";
				SWIFT_VERSION = 5.0;
				TARGETED_DEVICE_FAMILY = "1,2";
			};
			name = Debug;
		};
		2D108FC82A126BDE00DF4541 /* Release */ = {
			isa = XCBuildConfiguration;
			buildSettings = {
				ASSETCATALOG_COMPILER_APPICON_NAME = AppIcon;
				ASSETCATALOG_COMPILER_GLOBAL_ACCENT_COLOR_NAME = AccentColor;
				CLANG_ENABLE_MODULES = YES;
				CODE_SIGN_STYLE = Automatic;
				CURRENT_PROJECT_VERSION = 7;
				DEVELOPMENT_ASSET_PATHS = "\"acceleratortroll/Preview Content\"";
				DEVELOPMENT_TEAM = 7D7S7LG33Z;
				ENABLE_PREVIEWS = YES;
				GENERATE_INFOPLIST_FILE = YES;
				INFOPLIST_KEY_CFBundleDisplayName = acceleratortroll;
				INFOPLIST_KEY_LSApplicationCategoryType = "public.app-category.developer-tools";
				INFOPLIST_KEY_UIApplicationSceneManifest_Generation = YES;
				INFOPLIST_KEY_UIApplicationSupportsIndirectInputEvents = YES;
				INFOPLIST_KEY_UILaunchScreen_Generation = YES;
				INFOPLIST_KEY_UISupportedInterfaceOrientations_iPad = "UIInterfaceOrientationPortrait UIInterfaceOrientationPortraitUpsideDown UIInterfaceOrientationLandscapeLeft UIInterfaceOrientationLandscapeRight";
				INFOPLIST_KEY_UISupportedInterfaceOrientations_iPhone = "UIInterfaceOrientationPortrait UIInterfaceOrientationLandscapeLeft UIInterfaceOrientationLandscapeRight";
				IPHONEOS_DEPLOYMENT_TARGET = 15.0;
				LD_RUNPATH_SEARCH_PATHS = (
					"$(inherited)",
					"@executable_path/Frameworks",
				);
				MARKETING_VERSION = 0.1.7;
				PRODUCT_BUNDLE_IDENTIFIER = dev.jancr.acceleratortroll;
				PRODUCT_NAME = "$(TARGET_NAME)";
				SUPPORTED_PLATFORMS = "iphoneos iphonesimulator";
				SUPPORTS_MACCATALYST = NO;
				SUPPORTS_MAC_DESIGNED_FOR_IPHONE_IPAD = NO;
				SWIFT_EMIT_LOC_STRINGS = YES;
				SWIFT_OBJC_BRIDGING_HEADER = "acceleratortroll/acceleratortroll-Bridging-Header.h";
				SWIFT_VERSION = 5.0;
				TARGETED_DEVICE_FAMILY = "1,2";
			};
			name = Release;
		};
/* End XCBuildConfiguration section */

/* Begin XCConfigurationList section */
		2D108FB32A126BDD00DF4541 /* Build configuration list for PBXProject "acceleratortroll" */ = {
			isa = XCConfigurationList;
			buildConfigurations = (
				2D108FC42A126BDE00DF4541 /* Debug */,
				2D108FC52A126BDE00DF4541 /* Release */,
			);
			defaultConfigurationIsVisible = 0;
			defaultConfigurationName = Release;
		};
		2D108FC62A126BDE00DF4541 /* Build configuration list for PBXNativeTarget "acceleratortroll" */ = {
			isa = XCConfigurationList;
			buildConfigurations = (
				2D108FC72A126BDE00DF4541 /* Debug */,
				2D108FC82A126BDE00DF4541 /* Release */,
			);
			defaultConfigurationIsVisible = 0;
			defaultConfigurationName = Release;
		};
/* End XCConfigurationList section */
	};
	rootObject = 2D108FB02A126BDD00DF4541 /* Project object */;
}
